
Microsoft Visual Studio Solution File, Format Version 12.00
# Visual Studio 15
VisualStudioVersion = 15.0.27703.2000
MinimumVisualStudioVersion = 10.0.40219.1
Project("{FAE04EC0-301F-11D3-BF4B-00C04F79EFBC}") = "FlipSide", "FlipSide\FlipSide.csproj", "{4D66BC41-7B4B-4DBC-B38B-AFFDCB7D7A64}"
EndProject
Global
	GlobalSection(SolutionConfigurationPlatforms) = preSolution
		Debug|Any CPU = Debug|Any CPU
		Release|Any CPU = Release|Any CPU
	EndGlobalSection
	GlobalSection(ProjectConfigurationPlatforms) = postSolution
		{4D66BC41-7B4B-4DBC-B38B-AFFDCB7D7A64}.Debug|Any CPU.ActiveCfg = Debug|Any CPU
		{4D66BC41-7B4B-4DBC-B38B-AFFDCB7D7A64}.Debug|Any CPU.Build.0 = Debug|Any CPU
		{4D66BC41-7B4B-4DBC-B38B-AFFDCB7D7A64}.Release|Any CPU.ActiveCfg = Release|Any CPU
		{4D66BC41-7B4B-4DBC-B38B-AFFDCB7D7A64}.Release|Any CPU.Build.0 = Release|Any CPU
	EndGlobalSection
	GlobalSection(SolutionProperties) = preSolution
		HideSolutionNode = FALSE
	EndGlobalSection
	GlobalSection(ExtensibilityGlobals) = postSolution
		SolutionGuid = {280F497E-C13F-4264-8248-856E8571474F}
	EndGlobalSection
EndGlobal
